{
    "_readme": [
        "This file locks the dependencies of your project to a known state",
        "Read more about it at https://getcomposer.org/doc/01-basic-usage.md#composer-lock-the-lock-file",
        "This file is @generated automatically"
    ],
    "hash": "90d73253ef6d0b2aae28a9cedf946a28",
    "content-hash": "3d2ceb98525e3d5db61ca104335b3cfb",
    "packages": [
        {
            "name": "fenom/fenom",
            "version": "2.11.4",
            "source": {
                "type": "git",
                "url": "https://github.com/fenom-template/fenom.git",
                "reference": "b92e0bbad331f89de8655ecbc081ee0fde2d1e55"
            },
            "dist": {
                "type": "zip",
                "url": "https://api.github.com/repos/fenom-template/fenom/zipball/b92e0bbad331f89de8655ecbc081ee0fde2d1e55",
                "reference": "b92e0bbad331f89de8655ecbc081ee0fde2d1e55",
                "shasum": ""
            },
            "require": {
                "ext-tokenizer": "*",
                "php": ">=5.3.0"
            },
            "require-dev": {
                "phpunit/phpunit": "*",
                "satooshi/php-coveralls": "*"
            },
            "type": "library",
            "autoload": {
                "psr-0": {
                    "Fenom\\": "src/"
                },
                "classmap": [
                    "src/Fenom.php"
                ]
            },
            "notification-url": "https://packagist.org/downloads/",
            "license": [
                "BSD-3"
            ],
            "authors": [
                {
                    "name": "Ivan Shalganov",
                    "email": "a.cobest@gmail.com"
                }
            ],
            "description": "Fenom - excellent template engine for PHP",
            "keywords": [
                "fenom",
                "template",
                "templater",
                "templating"
            ],
            "time": "2016-10-09 20:41:07"
        },
        {
            "name": "fenom/storage",
            "version": "1.1.2",
            "source": {
                "type": "git",
                "url": "https://github.com/fenom-template/storage.git",
                "reference": "02c4738b44c690c772a2c5b4e6931206eb58a1a2"
            },
            "dist": {
                "type": "zip",
                "url": "https://api.github.com/repos/fenom-template/storage/zipball/02c4738b44c690c772a2c5b4e6931206eb58a1a2",
                "reference": "02c4738b44c690c772a2c5b4e6931206eb58a1a2",
                "shasum": ""
            },
            "require": {
                "php": ">=5.4.8"
            },
            "require-dev": {
                "fenom/fenom": "2.*",
                "phpunit/phpunit": "*",
                "satooshi/php-coveralls": "dev-master"
            },
            "type": "library",
            "autoload": {
                "psr-0": {
                    "Fenom\\": "src/"
                }
            },
            "notification-url": "https://packagist.org/downloads/",
            "license": [
                "BSD-3"
            ],
            "authors": [
                {
                    "name": "Ivan Shalganov",
                    "email": "a.cobest@gmail.com"
                }
            ],
            "description": "Fenom extension: store data in fenom",
            "keywords": [
                "assign",
                "fenom",
                "storage",
                "store"
            ],
            "time": "2015-02-18 08:48:30"
        },
        {
            "name": "force/session",
            "version": "v1.0.2",
            "source": {
                "type": "git",
                "url": "https://github.com/force-components/Session.git",
                "reference": "72f1614e954c6f27e93fd9348694d4dfe8342134"
            },
            "dist": {
                "type": "zip",
                "url": "https://api.github.com/repos/force-components/Session/zipball/72f1614e954c6f27e93fd9348694d4dfe8342134",
                "reference": "72f1614e954c6f27e93fd9348694d4dfe8342134",
                "shasum": ""
            },
            "require": {
                "php": ">=5.3.0"
            },
            "type": "library",
            "autoload": {
                "files": [
                    "Session.php"
                ]
            },
            "notification-url": "https://packagist.org/downloads/",
            "license": [
                "MIT"
            ],
            "authors": [
                {
                    "name": "Sergey Romanenko",
                    "email": "awilum@msn.com"
                }
            ],
            "description": "Simple and PHP Class to with Session",
            "homepage": "https://github.com/force-components/Session/issues",
            "keywords": [
                "url"
            ],
            "time": "2015-10-26 20:52:05"
        },
        {
            "name": "google/recaptcha",
            "version": "1.1.2",
            "source": {
                "type": "git",
                "url": "https://github.com/google/recaptcha.git",
                "reference": "2b7e00566afca82a38a1d3adb8e42c118006296e"
            },
            "dist": {
                "type": "zip",
                "url": "https://api.github.com/repos/google/recaptcha/zipball/2b7e00566afca82a38a1d3adb8e42c118006296e",
                "reference": "2b7e00566afca82a38a1d3adb8e42c118006296e",
                "shasum": ""
            },
            "require": {
                "php": ">=5.3.2"
            },
            "require-dev": {
                "phpunit/phpunit": "4.5.*"
            },
            "type": "library",
            "extra": {
                "branch-alias": {
                    "dev-master": "1.1.x-dev"
                }
            },
            "autoload": {
                "psr-4": {
                    "ReCaptcha\\": "src/ReCaptcha"
                }
            },
            "notification-url": "https://packagist.org/downloads/",
            "license": [
                "BSD-3-Clause"
            ],
            "description": "Client library for reCAPTCHA, a free service that protect websites from spam and abuse.",
            "homepage": "http://www.google.com/recaptcha/",
            "keywords": [
                "Abuse",
                "captcha",
                "recaptcha",
                "spam"
            ],
            "time": "2015-09-02 17:23:59"
        },
        {
            "name": "nikic/fast-route",
            "version": "v1.0.1",
            "source": {
                "type": "git",
                "url": "https://github.com/nikic/FastRoute.git",
                "reference": "8ea928195fa9b907f0d6e48312d323c1a13cc2af"
            },
            "dist": {
                "type": "zip",
                "url": "https://api.github.com/repos/nikic/FastRoute/zipball/8ea928195fa9b907f0d6e48312d323c1a13cc2af",
                "reference": "8ea928195fa9b907f0d6e48312d323c1a13cc2af",
                "shasum": ""
            },
            "require": {
                "php": ">=5.4.0"
            },
            "type": "library",
            "autoload": {
                "psr-4": {
                    "FastRoute\\": "src/"
                },
                "files": [
                    "src/functions.php"
                ]
            },
            "notification-url": "https://packagist.org/downloads/",
            "license": [
                "BSD-3-Clause"
            ],
            "authors": [
                {
                    "name": "Nikita Popov",
                    "email": "nikic@php.net"
                }
            ],
            "description": "Fast request router for PHP",
            "keywords": [
                "router",
                "routing"
            ],
            "time": "2016-06-12 19:08:51"
        },
        {
            "name": "phpfastcache/phpfastcache",
            "version": "4.3.17",
            "source": {
                "type": "git",
                "url": "https://github.com/PHPSocialNetwork/phpfastcache.git",
                "reference": "348f765dbb426f5da1d009802ab496909e4ad691"
            },
            "dist": {
                "type": "zip",
                "url": "https://api.github.com/repos/PHPSocialNetwork/phpfastcache/zipball/348f765dbb426f5da1d009802ab496909e4ad691",
                "reference": "348f765dbb426f5da1d009802ab496909e4ad691",
                "shasum": ""
            },
            "require": {
                "php": ">=5.3.0"
            },
            "suggest": {
                "ext-apc": "*",
                "ext-mbstring": "*",
                "ext-memcache": "*",
                "ext-memcached": "*",
                "ext-predis": "*",
                "ext-redis": "*",
                "ext-sqlite": "*"
            },
            "type": "library",
            "autoload": {
                "files": [
                    "src/phpFastCache/phpFastCache.php"
                ]
            },
            "notification-url": "https://packagist.org/downloads/",
            "license": [
                "MIT"
            ],
            "authors": [
                {
                    "name": "Khoa Bui",
                    "email": "khoaofgod@gmail.com",
                    "homepage": "http://www.phpfastcache.com",
                    "role": "Developer"
                },
                {
                    "name": "Georges.L",
                    "email": "contact@geolim4.com",
                    "homepage": "https://github.com/Geolim4",
                    "role": "Developer"
                }
            ],
            "description": "PHP Cache Class - Supported Redis, Cookie, Predis, APC, MemCached, WinCache, Files, PDO, Reduce mySQL Call by Caching",
            "homepage": "http://www.phpfastcache.com",
            "keywords": [
                "APC Cache",
                "apc",
                "cache",
                "cache class",
                "caching",
                "cookie",
                "files cache",
                "memcache",
                "memcached",
                "mysql cache",
                "pdo cache",
                "php cache",
                "predis",
                "redis",
                "wincache"
            ],
            "time": "2016-05-17 22:29:47"
        },
        {
            "name": "stil/gd-text",
            "version": "v1.1.0",
            "source": {
                "type": "git",
                "url": "https://github.com/stil/gd-text.git",
                "reference": "ae2bd5736dbd6d45a4af1e4b9c573dd4d8d06b11"
            },
            "dist": {
                "type": "zip",
                "url": "https://api.github.com/repos/stil/gd-text/zipball/ae2bd5736dbd6d45a4af1e4b9c573dd4d8d06b11",
                "reference": "ae2bd5736dbd6d45a4af1e4b9c573dd4d8d06b11",
                "shasum": ""
            },
            "require": {
                "ext-gd": "*",
                "php": ">=5.3"
            },
            "require-dev": {
                "phpunit/phpunit": "^5.4"
            },
            "type": "library",
            "autoload": {
                "psr-4": {
                    "GDText\\": "src/",
                    "GDText\\Tests\\": "tests/"
                }
            },
            "notification-url": "https://packagist.org/downloads/",
            "license": [
                "MIT"
            ],
            "description": "A class drawing multiline and aligned text on pictures. Uses GD extension.",
            "time": "2016-07-22 22:31:04"
        },
        {
            "name": "tabgeo/country",
            "version": "1.0.12",
            "source": {
                "type": "git",
                "url": "https://github.com/dostelon/TabGeo.git",
                "reference": "b1da7318cffb6d1e12817b9995f7971872285f18"
            },
            "dist": {
                "type": "zip",
                "url": "https://api.github.com/repos/dostelon/TabGeo/zipball/b1da7318cffb6d1e12817b9995f7971872285f18",
                "reference": "b1da7318cffb6d1e12817b9995f7971872285f18",
                "shasum": ""
            },
            "require": {
                "php": ">=5.2.0"
            },
            "type": "library",
            "autoload": {
                "files": [
                    "src/TabGeo/country.php"
                ]
            },
            "notification-url": "https://packagist.org/downloads/",
            "license": [
                "MIT"
            ],
            "authors": [
                {
                    "name": "Vasili Yurkevich",
                    "email": "dostelon@gmail.com"
                }
            ],
            "description": "geoip (only countries) php library (http://tabgeo.com)",
            "keywords": [
                "countrycode",
                "geoip",
                "geolocation",
                "location",
                "tabgeo"
            ],
            "time": "2016-04-04 07:54:13"
        },
        {
            "name": "usmanhalalit/pixie",
            "version": "2.0.0",
            "source": {
                "type": "git",
                "url": "https://github.com/usmanhalalit/pixie.git",
                "reference": "5820ef4f62c7be697767fd84830b7ad6fc057375"
            },
            "dist": {
                "type": "zip",
                "url": "https://api.github.com/repos/usmanhalalit/pixie/zipball/5820ef4f62c7be697767fd84830b7ad6fc057375",
                "reference": "5820ef4f62c7be697767fd84830b7ad6fc057375",
                "shasum": ""
            },
            "require": {
                "php": ">=5.4.0",
                "usmanhalalit/viocon": "1.0.*@dev"
            },
            "require-dev": {
                "mockery/mockery": "0.9.4",
                "phpunit/phpunit": "^4.8"
            },
            "type": "library",
            "autoload": {
                "psr-0": {
                    "Pixie": "src/"
                }
            },
            "notification-url": "https://packagist.org/downloads/",
            "license": [
                "MIT"
            ],
            "authors": [
                {
                    "name": "Muhammad Usman",
                    "email": "hi@usman.it",
                    "role": "Developer"
                },
                {
                    "name": "Pavel Puchkin",
                    "email": "i@neoascetic.me",
                    "role": "Developer"
                }
            ],
            "description": "A lightweight, expressive, framework agnostic query builder for PHP.",
            "homepage": "https://github.com/usmanhalalit/pixie",
            "keywords": [
                "database",
                "mysql",
                "postgresql",
                "query builder",
                "sql",
                "sqlite"
            ],
            "time": "2016-04-08 10:58:01"
        },
        {
            "name": "usmanhalalit/viocon",
            "version": "1.0.1",
            "source": {
                "type": "git",
                "url": "https://github.com/usmanhalalit/viocon.git",
                "reference": "0878afee16f15355971fb95bf3c6d297aceff35d"
            },
            "dist": {
                "type": "zip",
                "url": "https://api.github.com/repos/usmanhalalit/viocon/zipball/0878afee16f15355971fb95bf3c6d297aceff35d",
                "reference": "0878afee16f15355971fb95bf3c6d297aceff35d",
                "shasum": ""
            },
            "require": {
                "php": ">=5.3.0"
            },
            "require-dev": {
                "phpunit/phpunit": "3.7.*"
            },
            "type": "library",
            "autoload": {
                "psr-0": {
                    "Viocon": "src/"
                }
            },
            "notification-url": "https://packagist.org/downloads/",
            "license": [
                "MIT"
            ],
            "authors": [
                {
                    "name": "Muhammad Usman",
                    "email": "hi@usman.it",
                    "role": "Developer"
                }
            ],
            "description": "A simple and flexible Dependency Injection container for PHP.",
            "homepage": "https://github.com/usmanhalalit/viocon",
            "keywords": [
                "container",
                "di",
                "ioc",
                "test"
            ],
            "time": "2013-07-13 19:54:56"
        }
    ],
    "packages-dev": [],
    "aliases": [],
    "minimum-stability": "stable",
    "stability-flags": [],
    "prefer-stable": false,
    "prefer-lowest": false,
    "platform": [],
    "platform-dev": []
}
